// !$*UTF8*$!
{
	archiveVersion = 1;
	classes = {
	};
	objectVersion = 90;
	objects = {

/* Begin PBXBuildFile section */
		E21456C82EE1C8BC00931E78 /* DrawingCanvasView.swift in Sources */ = {isa = PBXBuildFile; fileRef = E21456C72EE1C8BC00931E78 /* DrawingCanvasView.swift */; };
		E21456CC2EE1E55400931E78 /* InfoPlist.strings in Resources */ = {isa = PBXBuildFile; fileRef = E21456CA2EE1E55400931E78 /* InfoPlist.strings */; };
		E258E75A2EDAE51E008D681F /* GrafView.swift in Sources */ = {isa = PBXBuildFile; fileRef = E258E7592EDAE51E008D681F /* GrafView.swift */; };
		E285DFDB2AEA140100AD6B33 /* Graphics.swift in Sources */ = {isa = PBXBuildFile; fileRef = E285DFDA2AEA140100AD6B33 /* Graphics.swift */; };
		E285DFDE2AEA14A000AD6B33 /* PaletteView.swift in Sources */ = {isa = PBXBuildFile; fileRef = E285DFDD2AEA14A000AD6B33 /* PaletteView.swift */; };
		E285DFE32AEA190100AD6B33 /* UndoView.swift in Sources */ = {isa = PBXBuildFile; fileRef = E285DFE22AEA190100AD6B33 /* UndoView.swift */; };
		E285DFE52AEA2DD400AD6B33 /* SliderView.swift in Sources */ = {isa = PBXBuildFile; fileRef = E285DFE42AEA2DD400AD6B33 /* SliderView.swift */; };
		E2BF97632AFCF18E00FC822F /* FloatingPoint+Extensions.swift in Sources */ = {isa = PBXBuildFile; fileRef = E2BF97622AFCF18E00FC822F /* FloatingPoint+Extensions.swift */; };
		E2F56D0C2AE8112600B48C3B /* XPaintApp.swift in Sources */ = {isa = PBXBuildFile; fileRef = E2F56D0B2AE8112600B48C3B /* XPaintApp.swift */; };
		E2F56D0E2AE8112600B48C3B /* ContentView.swift in Sources */ = {isa = PBXBuildFile; fileRef = E2F56D0D2AE8112600B48C3B /* ContentView.swift */; };
		E2F56D102AE8112700B48C3B /* Assets.xcassets in Resources */ = {isa = PBXBuildFile; fileRef = E2F56D0F2AE8112700B48C3B /* Assets.xcassets */; };
		E2F56D132AE8112700B48C3B /* Preview Assets.xcassets in Resources */ = {isa = PBXBuildFile; fileRef = E2F56D122AE8112700B48C3B /* Preview Assets.xcassets */; };
/* End PBXBuildFile section */

/* Begin PBXFileReference section */
		E21456C72EE1C8BC00931E78 /* DrawingCanvasView.swift */ = {isa = PBXFileReference; lastKnownFileType = sourcecode.swift; path = DrawingCanvasView.swift; sourceTree = "<group>"; };
		E21456CB2EE1E55400931E78 /* en */ = {isa = PBXFileReference; lastKnownFileType = text.plist.strings; name = en; path = en.lproj/InfoPlist.strings; sourceTree = "<group>"; };
		E21456CD2EE1E55C00931E78 /* de */ = {isa = PBXFileReference; lastKnownFileType = text.plist.strings; name = de; path = de.lproj/InfoPlist.strings; sourceTree = "<group>"; };
		E21456CE2EE1E56400931E78 /* ru */ = {isa = PBXFileReference; lastKnownFileType = text.plist.strings; name = ru; path = ru.lproj/InfoPlist.strings; sourceTree = "<group>"; };
		E258E7592EDAE51E008D681F /* GrafView.swift */ = {isa = PBXFileReference; lastKnownFileType = sourcecode.swift; path = GrafView.swift; sourceTree = "<group>"; };
		E285DFDA2AEA140100AD6B33 /* Graphics.swift */ = {isa = PBXFileReference; lastKnownFileType = sourcecode.swift; path = Graphics.swift; sourceTree = "<group>"; };
		E285DFDD2AEA14A000AD6B33 /* PaletteView.swift */ = {isa = PBXFileReference; lastKnownFileType = sourcecode.swift; path = PaletteView.swift; sourceTree = "<group>"; };
		E285DFE22AEA190100AD6B33 /* UndoView.swift */ = {isa = PBXFileReference; lastKnownFileType = sourcecode.swift; path = UndoView.swift; sourceTree = "<group>"; };
		E285DFE42AEA2DD400AD6B33 /* SliderView.swift */ = {isa = PBXFileReference; lastKnownFileType = sourcecode.swift; path = SliderView.swift; sourceTree = "<group>"; };
		E2BF97622AFCF18E00FC822F /* FloatingPoint+Extensions.swift */ = {isa = PBXFileReference; fileEncoding = 4; lastKnownFileType = sourcecode.swift; path = "FloatingPoint+Extensions.swift"; sourceTree = "<group>"; };
		E2F56D082AE8112600B48C3B /* XPaint.app */ = {isa = PBXFileReference; explicitFileType = wrapper.application; includeInIndex = 0; path = XPaint.app; sourceTree = BUILT_PRODUCTS_DIR; };
		E2F56D0B2AE8112600B48C3B /* XPaintApp.swift */ = {isa = PBXFileReference; lastKnownFileType = sourcecode.swift; path = XPaintApp.swift; sourceTree = "<group>"; };
		E2F56D0D2AE8112600B48C3B /* ContentView.swift */ = {isa = PBXFileReference; lastKnownFileType = sourcecode.swift; path = ContentView.swift; sourceTree = "<group>"; };
		E2F56D0F2AE8112700B48C3B /* Assets.xcassets */ = {isa = PBXFileReference; lastKnownFileType = folder.assetcatalog; path = Assets.xcassets; sourceTree = "<group>"; };
		E2F56D122AE8112700B48C3B /* Preview Assets.xcassets */ = {isa = PBXFileReference; lastKnownFileType = folder.assetcatalog; path = "Preview Assets.xcassets"; sourceTree = "<group>"; };
/* End PBXFileReference section */

/* Begin PBXFrameworksBuildPhase section */
		E2F56D052AE8112600B48C3B /* Frameworks */ = {
			isa = PBXFrameworksBuildPhase;
			files = (
			);
		};
/* End PBXFrameworksBuildPhase section */

/* Begin PBXGroup section */
		E285DFD92AEA13CD00AD6B33 /* Model */ = {
			isa = PBXGroup;
			children = (
				E285DFDA2AEA140100AD6B33 /* Graphics.swift */,
			);
			path = Model;
			sourceTree = "<group>";
		};
		E285DFDC2AEA145B00AD6B33 /* View */ = {
			isa = PBXGroup;
			children = (
				E285DFDD2AEA14A000AD6B33 /* PaletteView.swift */,
				E285DFE22AEA190100AD6B33 /* UndoView.swift */,
				E285DFE42AEA2DD400AD6B33 /* SliderView.swift */,
				E258E7592EDAE51E008D681F /* GrafView.swift */,
				E21456C72EE1C8BC00931E78 /* DrawingCanvasView.swift */,
			);
			path = View;
			sourceTree = "<group>";
		};
		E285DFDF2AEA169200AD6B33 /* Extension */ = {
			isa = PBXGroup;
			children = (
				E2BF97622AFCF18E00FC822F /* FloatingPoint+Extensions.swift */,
			);
			path = Extension;
			sourceTree = "<group>";
		};
		E2F56CFF2AE8112600B48C3B = {
			isa = PBXGroup;
			children = (
				E2F56D0A2AE8112600B48C3B /* XPaint */,
				E2F56D092AE8112600B48C3B /* Products */,
			);
			sourceTree = "<group>";
			usesTabs = 0;
		};
		E2F56D092AE8112600B48C3B /* Products */ = {
			isa = PBXGroup;
			children = (
				E2F56D082AE8112600B48C3B /* XPaint.app */,
			);
			name = Products;
			sourceTree = "<group>";
		};
		E2F56D0A2AE8112600B48C3B /* XPaint */ = {
			isa = PBXGroup;
			children = (
				E2F56D0B2AE8112600B48C3B /* XPaintApp.swift */,
				E285DFD92AEA13CD00AD6B33 /* Model */,
				E285DFDC2AEA145B00AD6B33 /* View */,
				E2F56D0D2AE8112600B48C3B /* ContentView.swift */,
				E285DFDF2AEA169200AD6B33 /* Extension */,
				E2F56D0F2AE8112700B48C3B /* Assets.xcassets */,
				E2F56D112AE8112700B48C3B /* Preview Content */,
				E21456CA2EE1E55400931E78 /* InfoPlist.strings */,
			);
			path = XPaint;
			sourceTree = "<group>";
		};
		E2F56D112AE8112700B48C3B /* Preview Content */ = {
			isa = PBXGroup;
			children = (
				E2F56D122AE8112700B48C3B /* Preview Assets.xcassets */,
			);
			path = "Preview Content";
			sourceTree = "<group>";
		};
/* End PBXGroup section */

/* Begin PBXNativeTarget section */
		E2F56D072AE8112600B48C3B /* XPaint */ = {
			isa = PBXNativeTarget;
			buildConfigurationList = E2F56D162AE8112700B48C3B /* Build configuration list for PBXNativeTarget "XPaint" */;
			buildPhases = (
				E2F56D042AE8112600B48C3B /* Sources */,
				E2F56D052AE8112600B48C3B /* Frameworks */,
				E2F56D062AE8112600B48C3B /* Resources */,
			);
			buildRules = (
			);
			name = XPaint;
			productName = XPaint;
			productReference = E2F56D082AE8112600B48C3B /* XPaint.app */;
			productType = "com.apple.product-type.application";
		};
/* End PBXNativeTarget section */

/* Begin PBXProject section */
		E2F56D002AE8112600B48C3B /* Project object */ = {
			isa = PBXProject;
			attributes = {
				BuildIndependentTargetsInParallel = 1;
				LastSwiftUpdateCheck = 1500;
				LastUpgradeCheck = 2610;
				TargetAttributes = {
					E2F56D072AE8112600B48C3B = {
						CreatedOnToolsVersion = 15.0.1;
					};
				};
			};
			buildConfigurationList = E2F56D032AE8112600B48C3B /* Build configuration list for PBXProject "XPaint" */;
			developmentRegion = en;
			hasScannedForEncodings = 0;
			knownRegions = (
				en,
				de,
				ru,
			);
			mainGroup = E2F56CFF2AE8112600B48C3B;
			preferredProjectObjectVersion = 90;
			productRefGroup = E2F56D092AE8112600B48C3B /* Products */;
			projectDirPath = "";
			projectRoot = "";
			targets = (
				E2F56D072AE8112600B48C3B /* XPaint */,
			);
		};
/* End PBXProject section */

/* Begin PBXResourcesBuildPhase section */
		E2F56D062AE8112600B48C3B /* Resources */ = {
			isa = PBXResourcesBuildPhase;
			files = (
				E2F56D132AE8112700B48C3B /* Preview Assets.xcassets in Resources */,
				E21456CC2EE1E55400931E78 /* InfoPlist.strings in Resources */,
				E2F56D102AE8112700B48C3B /* Assets.xcassets in Resources */,
			);
		};
/* End PBXResourcesBuildPhase section */

/* Begin PBXSourcesBuildPhase section */
		E2F56D042AE8112600B48C3B /* Sources */ = {
			isa = PBXSourcesBuildPhase;
			files = (
				E285DFDB2AEA140100AD6B33 /* Graphics.swift in Sources */,
				E285DFE32AEA190100AD6B33 /* UndoView.swift in Sources */,
				E2F56D0E2AE8112600B48C3B /* ContentView.swift in Sources */,
				E2BF97632AFCF18E00FC822F /* FloatingPoint+Extensions.swift in Sources */,
				E258E75A2EDAE51E008D681F /* GrafView.swift in Sources */,
				E2F56D0C2AE8112600B48C3B /* XPaintApp.swift in Sources */,
				E285DFDE2AEA14A000AD6B33 /* PaletteView.swift in Sources */,
				E21456C82EE1C8BC00931E78 /* DrawingCanvasView.swift in Sources */,
				E285DFE52AEA2DD400AD6B33 /* SliderView.swift in Sources */,
			);
		};
/* End PBXSourcesBuildPhase section */

/* Begin PBXVariantGroup section */
		E21456CA2EE1E55400931E78 /* InfoPlist.strings */ = {
			isa = PBXVariantGroup;
			children = (
				E21456CB2EE1E55400931E78 /* en */,
				E21456CD2EE1E55C00931E78 /* de */,
				E21456CE2EE1E56400931E78 /* ru */,
			);
			name = InfoPlist.strings;
			sourceTree = "<group>";
		};
/* End PBXVariantGroup section */

/* Begin XCBuildConfiguration section */
		E2F56D142AE8112700B48C3B /* Debug configuration for PBXProject "XPaint" */ = {
			isa = XCBuildConfiguration;
			buildSettings = {
				ALWAYS_SEARCH_USER_PATHS = NO;
				ASSETCATALOG_COMPILER_GENERATE_SWIFT_ASSET_SYMBOL_EXTENSIONS = YES;
				CLANG_ANALYZER_NONNULL = YES;
				CLANG_ANALYZER_NUMBER_OBJECT_CONVERSION = YES_AGGRESSIVE;
				CLANG_CXX_LANGUAGE_STANDARD = "gnu++20";
				CLANG_ENABLE_MODULES = YES;
				CLANG_ENABLE_OBJC_ARC = YES;
				CLANG_ENABLE_OBJC_WEAK = YES;
				CLANG_WARN_BLOCK_CAPTURE_AUTORELEASING = YES;
				CLANG_WARN_BOOL_CONVERSION = YES;
				CLANG_WARN_COMMA = YES;
				CLANG_WARN_CONSTANT_CONVERSION = YES;
				CLANG_WARN_DEPRECATED_OBJC_IMPLEMENTATIONS = YES;
				CLANG_WARN_DIRECT_OBJC_ISA_USAGE = YES_ERROR;
				CLANG_WARN_DOCUMENTATION_COMMENTS = YES;
				CLANG_WARN_EMPTY_BODY = YES;
				CLANG_WARN_ENUM_CONVERSION = YES;
				CLANG_WARN_INFINITE_RECURSION = YES;
				CLANG_WARN_INT_CONVERSION = YES;
				CLANG_WARN_NON_LITERAL_NULL_CONVERSION = YES;
				CLANG_WARN_OBJC_IMPLICIT_RETAIN_SELF = YES;
				CLANG_WARN_OBJC_LITERAL_CONVERSION = YES;
				CLANG_WARN_OBJC_ROOT_CLASS = YES_ERROR;
				CLANG_WARN_QUOTED_INCLUDE_IN_FRAMEWORK_HEADER = YES;
				CLANG_WARN_RANGE_LOOP_ANALYSIS = YES;
				CLANG_WARN_STRICT_PROTOTYPES = YES;
				CLANG_WARN_SUSPICIOUS_MOVE = YES;
				CLANG_WARN_UNGUARDED_AVAILABILITY = YES_AGGRESSIVE;
				CLANG_WARN_UNREACHABLE_CODE = YES;
				CLANG_WARN__DUPLICATE_METHOD_MATCH = YES;
				COPY_PHASE_STRIP = NO;
				DEBUG_INFORMATION_FORMAT = dwarf;
				DEVELOPMENT_TEAM = 38Y6LA5LS9;
				ENABLE_STRICT_OBJC_MSGSEND = YES;
				ENABLE_TESTABILITY = YES;
				ENABLE_USER_SCRIPT_SANDBOXING = YES;
				GCC_C_LANGUAGE_STANDARD = gnu17;
				GCC_DYNAMIC_NO_PIC = NO;
				GCC_NO_COMMON_BLOCKS = YES;
				GCC_OPTIMIZATION_LEVEL = 0;
				GCC_PREPROCESSOR_DEFINITIONS = (
					"DEBUG=1",
					"$(inherited)",
				);
				GCC_WARN_64_TO_32_BIT_CONVERSION = YES;
				GCC_WARN_ABOUT_RETURN_TYPE = YES_ERROR;
				GCC_WARN_UNDECLARED_SELECTOR = YES;
				GCC_WARN_UNINITIALIZED_AUTOS = YES_AGGRESSIVE;
				GCC_WARN_UNUSED_FUNCTION = YES;
				GCC_WARN_UNUSED_VARIABLE = YES;
				IPHONEOS_DEPLOYMENT_TARGET = 15.6;
				LOCALIZATION_PREFERS_STRING_CATALOGS = YES;
				MTL_ENABLE_DEBUG_INFO = INCLUDE_SOURCE;
				MTL_FAST_MATH = YES;
				ONLY_ACTIVE_ARCH = YES;
				SDKROOT = iphoneos;
				STRING_CATALOG_GENERATE_SYMBOLS = YES;
				SWIFT_ACTIVE_COMPILATION_CONDITIONS = "DEBUG $(inherited)";
				SWIFT_OPTIMIZATION_LEVEL = "-Onone";
			};
			name = Debug;
		};
		E2F56D152AE8112700B48C3B /* Release configuration for PBXProject "XPaint" */ = {
			isa = XCBuildConfiguration;
			buildSettings = {
				ALWAYS_SEARCH_USER_PATHS = NO;
				ASSETCATALOG_COMPILER_GENERATE_SWIFT_ASSET_SYMBOL_EXTENSIONS = YES;
				CLANG_ANALYZER_NONNULL = YES;
				CLANG_ANALYZER_NUMBER_OBJECT_CONVERSION = YES_AGGRESSIVE;
				CLANG_CXX_LANGUAGE_STANDARD = "gnu++20";
				CLANG_ENABLE_MODULES = YES;
				CLANG_ENABLE_OBJC_ARC = YES;
				CLANG_ENABLE_OBJC_WEAK = YES;
				CLANG_WARN_BLOCK_CAPTURE_AUTORELEASING = YES;
				CLANG_WARN_BOOL_CONVERSION = YES;
				CLANG_WARN_COMMA = YES;
				CLANG_WARN_CONSTANT_CONVERSION = YES;
				CLANG_WARN_DEPRECATED_OBJC_IMPLEMENTATIONS = YES;
				CLANG_WARN_DIRECT_OBJC_ISA_USAGE = YES_ERROR;
				CLANG_WARN_DOCUMENTATION_COMMENTS = YES;
				CLANG_WARN_EMPTY_BODY = YES;
				CLANG_WARN_ENUM_CONVERSION = YES;
				CLANG_WARN_INFINITE_RECURSION = YES;
				CLANG_WARN_INT_CONVERSION = YES;
				CLANG_WARN_NON_LITERAL_NULL_CONVERSION = YES;
				CLANG_WARN_OBJC_IMPLICIT_RETAIN_SELF = YES;
				CLANG_WARN_OBJC_LITERAL_CONVERSION = YES;
				CLANG_WARN_OBJC_ROOT_CLASS = YES_ERROR;
				CLANG_WARN_QUOTED_INCLUDE_IN_FRAMEWORK_HEADER = YES;
				CLANG_WARN_RANGE_LOOP_ANALYSIS = YES;
				CLANG_WARN_STRICT_PROTOTYPES = YES;
				CLANG_WARN_SUSPICIOUS_MOVE = YES;
				CLANG_WARN_UNGUARDED_AVAILABILITY = YES_AGGRESSIVE;
				CLANG_WARN_UNREACHABLE_CODE = YES;
				CLANG_WARN__DUPLICATE_METHOD_MATCH = YES;
				COPY_PHASE_STRIP = NO;
				DEBUG_INFORMATION_FORMAT = "dwarf-with-dsym";
				DEVELOPMENT_TEAM = 38Y6LA5LS9;
				ENABLE_NS_ASSERTIONS = NO;
				ENABLE_STRICT_OBJC_MSGSEND = YES;
				ENABLE_USER_SCRIPT_SANDBOXING = YES;
				GCC_C_LANGUAGE_STANDARD = gnu17;
				GCC_NO_COMMON_BLOCKS = YES;
				GCC_WARN_64_TO_32_BIT_CONVERSION = YES;
				GCC_WARN_ABOUT_RETURN_TYPE = YES_ERROR;
				GCC_WARN_UNDECLARED_SELECTOR = YES;
				GCC_WARN_UNINITIALIZED_AUTOS = YES_AGGRESSIVE;
				GCC_WARN_UNUSED_FUNCTION = YES;
				GCC_WARN_UNUSED_VARIABLE = YES;
				IPHONEOS_DEPLOYMENT_TARGET = 15.6;
				LOCALIZATION_PREFERS_STRING_CATALOGS = YES;
				MTL_ENABLE_DEBUG_INFO = NO;
				MTL_FAST_MATH = YES;
				SDKROOT = iphoneos;
				STRING_CATALOG_GENERATE_SYMBOLS = YES;
				SWIFT_COMPILATION_MODE = wholemodule;
				VALIDATE_PRODUCT = YES;
			};
			name = Release;
		};
		E2F56D172AE8112700B48C3B /* Debug configuration for PBXNativeTarget "XPaint" */ = {
			isa = XCBuildConfiguration;
			buildSettings = {
				ASSETCATALOG_COMPILER_APPICON_NAME = AppIcon;
				ASSETCATALOG_COMPILER_GLOBAL_ACCENT_COLOR_NAME = AccentColor;
				CODE_SIGN_IDENTITY = "Apple Development";
				CODE_SIGN_STYLE = Automatic;
				CURRENT_PROJECT_VERSION = 3;
				DEVELOPMENT_ASSET_PATHS = "\"XPaint/Preview Content\"";
				DEVELOPMENT_TEAM = 38Y6LA5LS9;
				ENABLE_PREVIEWS = YES;
				GENERATE_INFOPLIST_FILE = YES;
				INFOPLIST_FILE = XPaint/Info.plist;
				INFOPLIST_KEY_CFBundleDisplayName = "XPaint Simple";
				INFOPLIST_KEY_ITSAppUsesNonExemptEncryption = NO;
				INFOPLIST_KEY_LSApplicationCategoryType = "public.app-category.graphics-design";
				INFOPLIST_KEY_NSPhotoLibraryAddUsageDescription = "Need access to save images";
				INFOPLIST_KEY_UIApplicationSceneManifest_Generation = YES;
				INFOPLIST_KEY_UIApplicationSupportsIndirectInputEvents = YES;
				INFOPLIST_KEY_UILaunchScreen_Generation = YES;
				INFOPLIST_KEY_UISupportedInterfaceOrientations_iPad = "UIInterfaceOrientationPortrait UIInterfaceOrientationPortraitUpsideDown UIInterfaceOrientationLandscapeLeft UIInterfaceOrientationLandscapeRight";
				INFOPLIST_KEY_UISupportedInterfaceOrientations_iPhone = "UIInterfaceOrientationPortrait UIInterfaceOrientationLandscapeLeft UIInterfaceOrientationLandscapeRight";
				IPHONEOS_DEPLOYMENT_TARGET = 15.6;
				LD_RUNPATH_SEARCH_PATHS = (
					"$(inherited)",
					"@executable_path/Frameworks",
				);
				MARKETING_VERSION = 1.1;
				PRODUCT_BUNDLE_IDENTIFIER = com.xmaster.XPaint;
				PRODUCT_NAME = "$(TARGET_NAME)";
				PROVISIONING_PROFILE_SPECIFIER = "";
				SUPPORTED_PLATFORMS = "iphoneos iphonesimulator";
				SUPPORTS_MACCATALYST = NO;
				SUPPORTS_MAC_DESIGNED_FOR_IPHONE_IPAD = NO;
				SUPPORTS_XR_DESIGNED_FOR_IPHONE_IPAD = NO;
				SWIFT_EMIT_LOC_STRINGS = YES;
				SWIFT_VERSION = 5.0;
				TARGETED_DEVICE_FAMILY = "1,2";
			};
			name = Debug;
		};
		E2F56D182AE8112700B48C3B /* Release configuration for PBXNativeTarget "XPaint" */ = {
			isa = XCBuildConfiguration;
			buildSettings = {
				ASSETCATALOG_COMPILER_APPICON_NAME = AppIcon;
				ASSETCATALOG_COMPILER_GLOBAL_ACCENT_COLOR_NAME = AccentColor;
				CODE_SIGN_IDENTITY = "Apple Development";
				CODE_SIGN_STYLE = Automatic;
				CURRENT_PROJECT_VERSION = 3;
				DEVELOPMENT_ASSET_PATHS = "\"XPaint/Preview Content\"";
				DEVELOPMENT_TEAM = 38Y6LA5LS9;
				ENABLE_PREVIEWS = YES;
				GENERATE_INFOPLIST_FILE = YES;
				INFOPLIST_FILE = XPaint/Info.plist;
				INFOPLIST_KEY_CFBundleDisplayName = "XPaint Simple";
				INFOPLIST_KEY_ITSAppUsesNonExemptEncryption = NO;
				INFOPLIST_KEY_LSApplicationCategoryType = "public.app-category.graphics-design";
				INFOPLIST_KEY_NSPhotoLibraryAddUsageDescription = "Need access to save images";
				INFOPLIST_KEY_UIApplicationSceneManifest_Generation = YES;
				INFOPLIST_KEY_UIApplicationSupportsIndirectInputEvents = YES;
				INFOPLIST_KEY_UILaunchScreen_Generation = YES;
				INFOPLIST_KEY_UISupportedInterfaceOrientations_iPad = "UIInterfaceOrientationPortrait UIInterfaceOrientationPortraitUpsideDown UIInterfaceOrientationLandscapeLeft UIInterfaceOrientationLandscapeRight";
				INFOPLIST_KEY_UISupportedInterfaceOrientations_iPhone = "UIInterfaceOrientationPortrait UIInterfaceOrientationLandscapeLeft UIInterfaceOrientationLandscapeRight";
				IPHONEOS_DEPLOYMENT_TARGET = 15.6;
				LD_RUNPATH_SEARCH_PATHS = (
					"$(inherited)",
					"@executable_path/Frameworks",
				);
				MARKETING_VERSION = 1.1;
				PRODUCT_BUNDLE_IDENTIFIER = com.xmaster.XPaint;
				PRODUCT_NAME = "$(TARGET_NAME)";
				PROVISIONING_PROFILE_SPECIFIER = "";
				SUPPORTED_PLATFORMS = "iphoneos iphonesimulator";
				SUPPORTS_MACCATALYST = NO;
				SUPPORTS_MAC_DESIGNED_FOR_IPHONE_IPAD = NO;
				SUPPORTS_XR_DESIGNED_FOR_IPHONE_IPAD = NO;
				SWIFT_EMIT_LOC_STRINGS = YES;
				SWIFT_VERSION = 5.0;
				TARGETED_DEVICE_FAMILY = "1,2";
			};
			name = Release;
		};
/* End XCBuildConfiguration section */

/* Begin XCConfigurationList section */
		E2F56D032AE8112600B48C3B /* Build configuration list for PBXProject "XPaint" */ = {
			isa = XCConfigurationList;
			buildConfigurations = (
				E2F56D142AE8112700B48C3B /* Debug configuration for PBXProject "XPaint" */,
				E2F56D152AE8112700B48C3B /* Release configuration for PBXProject "XPaint" */,
			);
			defaultConfigurationName = Release;
		};
		E2F56D162AE8112700B48C3B /* Build configuration list for PBXNativeTarget "XPaint" */ = {
			isa = XCConfigurationList;
			buildConfigurations = (
				E2F56D172AE8112700B48C3B /* Debug configuration for PBXNativeTarget "XPaint" */,
				E2F56D182AE8112700B48C3B /* Release configuration for PBXNativeTarget "XPaint" */,
			);
			defaultConfigurationName = Release;
		};
/* End XCConfigurationList section */
	};
	rootObject = E2F56D002AE8112600B48C3B /* Project object */;
}
